
Microsoft Visual Studio Solution File, Format Version 12.00
# Visual Studio Version 17
VisualStudioVersion = 17.12.35707.178 d17.12
MinimumVisualStudioVersion = 10.0.40219.1
Project("{FAE04EC0-301F-11D3-BF4B-00C04F79EFBC}") = "ONIModLauncher", "ONIModLauncher\ONIModLauncher.csproj", "{CB66DEA7-54C9-4BA3-B44F-42DE1773ED5D}"
EndProject
Project("{FAE04EC0-301F-11D3-BF4B-00C04F79EFBC}") = "ONIModLauncher.MSBuild.Task", "ONIModLauncher.MSBuild.Task\ONIModLauncher.MSBuild.Task.csproj", "{A9AE54A3-1867-4862-9BF5-1EEA7A388E7A}"
EndProject
Project("{FAE04EC0-301F-11D3-BF4B-00C04F79EFBC}") = "ONIModLauncher.Common", "ONIModLauncher.Common\ONIModLauncher.Common.csproj", "{D0C35EA8-F659-4F24-848C-45D053B057A3}"
EndProject
Project("{FAE04EC0-301F-11D3-BF4B-00C04F79EFBC}") = "ONIModLauncher.Core", "ONIModLauncher.Core\ONIModLauncher.Core.csproj", "{77AC45AC-BB23-4382-93FB-720B711C5BDC}"
EndProject
Global
	GlobalSection(SolutionConfigurationPlatforms) = preSolution
		Debug|Any CPU = Debug|Any CPU
		Release|Any CPU = Release|Any CPU
	EndGlobalSection
	GlobalSection(ProjectConfigurationPlatforms) = postSolution
		{CB66DEA7-54C9-4BA3-B44F-42DE1773ED5D}.Debug|Any CPU.ActiveCfg = Debug|Any CPU
		{CB66DEA7-54C9-4BA3-B44F-42DE1773ED5D}.Debug|Any CPU.Build.0 = Debug|Any CPU
		{CB66DEA7-54C9-4BA3-B44F-42DE1773ED5D}.Release|Any CPU.ActiveCfg = Release|Any CPU
		{CB66DEA7-54C9-4BA3-B44F-42DE1773ED5D}.Release|Any CPU.Build.0 = Release|Any CPU
		{A9AE54A3-1867-4862-9BF5-1EEA7A388E7A}.Debug|Any CPU.ActiveCfg = Debug|Any CPU
		{A9AE54A3-1867-4862-9BF5-1EEA7A388E7A}.Debug|Any CPU.Build.0 = Debug|Any CPU
		{A9AE54A3-1867-4862-9BF5-1EEA7A388E7A}.Release|Any CPU.ActiveCfg = Release|Any CPU
		{A9AE54A3-1867-4862-9BF5-1EEA7A388E7A}.Release|Any CPU.Build.0 = Release|Any CPU
		{D0C35EA8-F659-4F24-848C-45D053B057A3}.Debug|Any CPU.ActiveCfg = Debug|Any CPU
		{D0C35EA8-F659-4F24-848C-45D053B057A3}.Debug|Any CPU.Build.0 = Debug|Any CPU
		{D0C35EA8-F659-4F24-848C-45D053B057A3}.Release|Any CPU.ActiveCfg = Release|Any CPU
		{D0C35EA8-F659-4F24-848C-45D053B057A3}.Release|Any CPU.Build.0 = Release|Any CPU
		{77AC45AC-BB23-4382-93FB-720B711C5BDC}.Debug|Any CPU.ActiveCfg = Debug|Any CPU
		{77AC45AC-BB23-4382-93FB-720B711C5BDC}.Debug|Any CPU.Build.0 = Debug|Any CPU
		{77AC45AC-BB23-4382-93FB-720B711C5BDC}.Release|Any CPU.ActiveCfg = Release|Any CPU
		{77AC45AC-BB23-4382-93FB-720B711C5BDC}.Release|Any CPU.Build.0 = Release|Any CPU
	EndGlobalSection
	GlobalSection(SolutionProperties) = preSolution
		HideSolutionNode = FALSE
	EndGlobalSection
	GlobalSection(ExtensibilityGlobals) = postSolution
		SolutionGuid = {DFFBA956-B784-477A-8470-14FE2AB76F35}
	EndGlobalSection
EndGlobal
